
Microsoft Visual Studio Solution File, Format Version 12.00
# Visual Studio Version 16
VisualStudioVersion = 16.0.31025.194
MinimumVisualStudioVersion = 10.0.40219.1
Project("{FAE04EC0-301F-11D3-BF4B-00C04F79EFBC}") = "getters_setters", "getters_setters\getters_setters.csproj", "{9CA9DDE4-5BE4-498C-AB77-DEE5CA9462E9}"
EndProject
Global
	GlobalSection(SolutionConfigurationPlatforms) = preSolution
		Debug|Any CPU = Debug|Any CPU
		Release|Any CPU = Release|Any CPU
	EndGlobalSection
	GlobalSection(ProjectConfigurationPlatforms) = postSolution
		{9CA9DDE4-5BE4-498C-AB77-DEE5CA9462E9}.Debug|Any CPU.ActiveCfg = Debug|Any CPU
		{9CA9DDE4-5BE4-498C-AB77-DEE5CA9462E9}.Debug|Any CPU.Build.0 = Debug|Any CPU
		{9CA9DDE4-5BE4-498C-AB77-DEE5CA9462E9}.Release|Any CPU.ActiveCfg = Release|Any CPU
		{9CA9DDE4-5BE4-498C-AB77-DEE5CA9462E9}.Release|Any CPU.Build.0 = Release|Any CPU
	EndGlobalSection
	GlobalSection(SolutionProperties) = preSolution
		HideSolutionNode = FALSE
	EndGlobalSection
	GlobalSection(ExtensibilityGlobals) = postSolution
		SolutionGuid = {ED785BA9-03D5-4DC7-A098-E6730F21A097}
	EndGlobalSection
EndGlobal
