
Microsoft Visual Studio Solution File, Format Version 12.00
# Visual Studio Version 16
VisualStudioVersion = 16.0.31025.194
MinimumVisualStudioVersion = 10.0.40219.1
Project("{FAE04EC0-301F-11D3-BF4B-00C04F79EFBC}") = "Aula9.5", "Aula9.5\Aula9.5.csproj", "{D7CCADB4-87E7-490C-9183-7C8C5BB0850A}"
EndProject
Global
	GlobalSection(SolutionConfigurationPlatforms) = preSolution
		Debug|Any CPU = Debug|Any CPU
		Release|Any CPU = Release|Any CPU
	EndGlobalSection
	GlobalSection(ProjectConfigurationPlatforms) = postSolution
		{D7CCADB4-87E7-490C-9183-7C8C5BB0850A}.Debug|Any CPU.ActiveCfg = Debug|Any CPU
		{D7CCADB4-87E7-490C-9183-7C8C5BB0850A}.Debug|Any CPU.Build.0 = Debug|Any CPU
		{D7CCADB4-87E7-490C-9183-7C8C5BB0850A}.Release|Any CPU.ActiveCfg = Release|Any CPU
		{D7CCADB4-87E7-490C-9183-7C8C5BB0850A}.Release|Any CPU.Build.0 = Release|Any CPU
	EndGlobalSection
	GlobalSection(SolutionProperties) = preSolution
		HideSolutionNode = FALSE
	EndGlobalSection
	GlobalSection(ExtensibilityGlobals) = postSolution
		SolutionGuid = {D7F47938-1648-47F1-BEFA-ABC8436B8456}
	EndGlobalSection
EndGlobal
