
Microsoft Visual Studio Solution File, Format Version 12.00
# Visual Studio Version 16
VisualStudioVersion = 16.0.31025.194
MinimumVisualStudioVersion = 10.0.40219.1
Project("{FAE04EC0-301F-11D3-BF4B-00C04F79EFBC}") = "aula3", "aula3\aula3.csproj", "{C9C8BB00-A59F-4D7E-8394-41CE1D6150F5}"
EndProject
Global
	GlobalSection(SolutionConfigurationPlatforms) = preSolution
		Debug|Any CPU = Debug|Any CPU
		Release|Any CPU = Release|Any CPU
	EndGlobalSection
	GlobalSection(ProjectConfigurationPlatforms) = postSolution
		{C9C8BB00-A59F-4D7E-8394-41CE1D6150F5}.Debug|Any CPU.ActiveCfg = Debug|Any CPU
		{C9C8BB00-A59F-4D7E-8394-41CE1D6150F5}.Debug|Any CPU.Build.0 = Debug|Any CPU
		{C9C8BB00-A59F-4D7E-8394-41CE1D6150F5}.Release|Any CPU.ActiveCfg = Release|Any CPU
		{C9C8BB00-A59F-4D7E-8394-41CE1D6150F5}.Release|Any CPU.Build.0 = Release|Any CPU
	EndGlobalSection
	GlobalSection(SolutionProperties) = preSolution
		HideSolutionNode = FALSE
	EndGlobalSection
	GlobalSection(ExtensibilityGlobals) = postSolution
		SolutionGuid = {130C0A6E-E031-48A2-B5F8-9D104AF63D57}
	EndGlobalSection
EndGlobal
