
Microsoft Visual Studio Solution File, Format Version 12.00
# Visual Studio Version 17
VisualStudioVersion = 17.0.31912.275
MinimumVisualStudioVersion = 10.0.40219.1
Project("{FAE04EC0-301F-11D3-BF4B-00C04F79EFBC}") = "Pauta_Escolar_Projeto_Final", "Pauta_Escolar_Projeto_Final\Pauta_Escolar_Projeto_Final.csproj", "{F3483ED0-B952-4C09-80CC-A1461FA917EE}"
EndProject
Global
	GlobalSection(SolutionConfigurationPlatforms) = preSolution
		Debug|Any CPU = Debug|Any CPU
		Release|Any CPU = Release|Any CPU
	EndGlobalSection
	GlobalSection(ProjectConfigurationPlatforms) = postSolution
		{F3483ED0-B952-4C09-80CC-A1461FA917EE}.Debug|Any CPU.ActiveCfg = Debug|Any CPU
		{F3483ED0-B952-4C09-80CC-A1461FA917EE}.Debug|Any CPU.Build.0 = Debug|Any CPU
		{F3483ED0-B952-4C09-80CC-A1461FA917EE}.Release|Any CPU.ActiveCfg = Release|Any CPU
		{F3483ED0-B952-4C09-80CC-A1461FA917EE}.Release|Any CPU.Build.0 = Release|Any CPU
	EndGlobalSection
	GlobalSection(SolutionProperties) = preSolution
		HideSolutionNode = FALSE
	EndGlobalSection
	GlobalSection(ExtensibilityGlobals) = postSolution
		SolutionGuid = {FA84C02B-819D-4B7F-BD09-4E1D8952DA6F}
	EndGlobalSection
EndGlobal
