
Microsoft Visual Studio Solution File, Format Version 12.00
# Visual Studio Version 17
VisualStudioVersion = 17.0.31912.275
MinimumVisualStudioVersion = 10.0.40219.1
Project("{FAE04EC0-301F-11D3-BF4B-00C04F79EFBC}") = "Desafio2", "Desafio2\Desafio2.csproj", "{B97F9F8E-A162-4B18-AF3D-9C948D873156}"
EndProject
Global
	GlobalSection(SolutionConfigurationPlatforms) = preSolution
		Debug|Any CPU = Debug|Any CPU
		Release|Any CPU = Release|Any CPU
	EndGlobalSection
	GlobalSection(ProjectConfigurationPlatforms) = postSolution
		{B97F9F8E-A162-4B18-AF3D-9C948D873156}.Debug|Any CPU.ActiveCfg = Debug|Any CPU
		{B97F9F8E-A162-4B18-AF3D-9C948D873156}.Debug|Any CPU.Build.0 = Debug|Any CPU
		{B97F9F8E-A162-4B18-AF3D-9C948D873156}.Release|Any CPU.ActiveCfg = Release|Any CPU
		{B97F9F8E-A162-4B18-AF3D-9C948D873156}.Release|Any CPU.Build.0 = Release|Any CPU
	EndGlobalSection
	GlobalSection(SolutionProperties) = preSolution
		HideSolutionNode = FALSE
	EndGlobalSection
	GlobalSection(ExtensibilityGlobals) = postSolution
		SolutionGuid = {A76F6168-EE34-4226-87AC-8AE66A1E9B6A}
	EndGlobalSection
EndGlobal
