
Microsoft Visual Studio Solution File, Format Version 12.00
# Visual Studio Version 17
VisualStudioVersion = 17.0.31912.275
MinimumVisualStudioVersion = 10.0.40219.1
Project("{FAE04EC0-301F-11D3-BF4B-00C04F79EFBC}") = "Avaliação Utilização de variáveis", "Avaliação Utilização de variáveis\Avaliação Utilização de variáveis.csproj", "{ABD143A6-F762-4EF6-A76C-3C5D7C466896}"
EndProject
Global
	GlobalSection(SolutionConfigurationPlatforms) = preSolution
		Debug|Any CPU = Debug|Any CPU
		Release|Any CPU = Release|Any CPU
	EndGlobalSection
	GlobalSection(ProjectConfigurationPlatforms) = postSolution
		{ABD143A6-F762-4EF6-A76C-3C5D7C466896}.Debug|Any CPU.ActiveCfg = Debug|Any CPU
		{ABD143A6-F762-4EF6-A76C-3C5D7C466896}.Debug|Any CPU.Build.0 = Debug|Any CPU
		{ABD143A6-F762-4EF6-A76C-3C5D7C466896}.Release|Any CPU.ActiveCfg = Release|Any CPU
		{ABD143A6-F762-4EF6-A76C-3C5D7C466896}.Release|Any CPU.Build.0 = Release|Any CPU
	EndGlobalSection
	GlobalSection(SolutionProperties) = preSolution
		HideSolutionNode = FALSE
	EndGlobalSection
	GlobalSection(ExtensibilityGlobals) = postSolution
		SolutionGuid = {A2240C10-B66E-42F1-AFB1-F15F3D2D45B9}
	EndGlobalSection
EndGlobal
