
Microsoft Visual Studio Solution File, Format Version 12.00
# Visual Studio Version 17
VisualStudioVersion = 17.0.31912.275
MinimumVisualStudioVersion = 10.0.40219.1
Project("{FAE04EC0-301F-11D3-BF4B-00C04F79EFBC}") = "Projeto_Final_Tiago_Simao_Miguel", "Projeto_Final_Tiago_Simao_Miguel.csproj", "{0191C5AA-8470-42CE-9AA9-CA696A822407}"
EndProject
Global
	GlobalSection(SolutionConfigurationPlatforms) = preSolution
		Debug|Any CPU = Debug|Any CPU
		Release|Any CPU = Release|Any CPU
	EndGlobalSection
	GlobalSection(ProjectConfigurationPlatforms) = postSolution
		{0191C5AA-8470-42CE-9AA9-CA696A822407}.Debug|Any CPU.ActiveCfg = Debug|Any CPU
		{0191C5AA-8470-42CE-9AA9-CA696A822407}.Debug|Any CPU.Build.0 = Debug|Any CPU
		{0191C5AA-8470-42CE-9AA9-CA696A822407}.Release|Any CPU.ActiveCfg = Release|Any CPU
		{0191C5AA-8470-42CE-9AA9-CA696A822407}.Release|Any CPU.Build.0 = Release|Any CPU
	EndGlobalSection
	GlobalSection(SolutionProperties) = preSolution
		HideSolutionNode = FALSE
	EndGlobalSection
	GlobalSection(ExtensibilityGlobals) = postSolution
		SolutionGuid = {0A911E11-59A3-4A9D-A899-4F04166C2D9E}
	EndGlobalSection
EndGlobal
